<?xml version="1.0" encoding="utf-8"?>
<Project ToolsVersion="4.0" xmlns="http://schemas.microsoft.com/developer/msbuild/2003">
  <ItemGroup>
    <ClCompile Include="Render\Camera.cpp">
      <Filter>Render</Filter>
    </ClCompile>
    <ClCompile Include="Render\Render.cpp">
      <Filter>Render</Filter>
    </ClCompile>
    <ClCompile Include="RenderUtils.cpp" />
    <ClCompile Include="main.cpp" />
    <ClCompile Include="callbacks.cpp" />
    <ClCompile Include="ParticleSystem.cpp">
      <Filter>ParticleGenerator</Filter>
    </ClCompile>
    <ClCompile Include="UniformParticleGenerator.cpp">
      <Filter>ParticleGenerator\Generators</Filter>
    </ClCompile>
    <ClCompile Include="GaussianParticleGenerator.cpp">
      <Filter>ParticleGenerator\Generators</Filter>
    </ClCompile>
    <ClCompile Include="ParticleGenerator.cpp">
      <Filter>ParticleGenerator</Filter>
    </ClCompile>
    <ClCompile Include="RenderItems\particle.cpp">
      <Filter>RenderItems</Filter>
    </ClCompile>
    <ClCompile Include="RenderItems\firework.cpp">
      <Filter>RenderItems</Filter>
    </ClCompile>
    <ClCompile Include="FireworkGenerator.cpp">
      <Filter>ParticleGenerator\Generators</Filter>
    </ClCompile>
    <ClCompile Include="CircleGenerator.cpp">
      <Filter>ParticleGenerator\Generators</Filter>
    </ClCompile>
  </ItemGroup>
  <ItemGroup>
    <ClInclude Include="core.hpp" />
    <ClInclude Include="Render\Camera.h">
      <Filter>Render</Filter>
    </ClInclude>
    <ClInclude Include="Render\Render.h">
      <Filter>Render</Filter>
    </ClInclude>
    <ClInclude Include="RenderUtils.hpp" />
    <ClInclude Include="callbacks.hpp" />
    <ClInclude Include="RenderItems\particle.h">
      <Filter>RenderItems</Filter>
    </ClInclude>
    <ClInclude Include="Objects\ProyectileLauncher.h">
      <Filter>Objects</Filter>
    </ClInclude>
    <ClInclude Include="ParticleGenerator.h">
      <Filter>ParticleGenerator</Filter>
    </ClInclude>
    <ClInclude Include="ParticleSystem.h">
      <Filter>ParticleGenerator</Filter>
    </ClInclude>
    <ClInclude Include="UniformParticleGenerator.h">
      <Filter>ParticleGenerator\Generators</Filter>
    </ClInclude>
    <ClInclude Include="GaussianParticleGenerator.h">
      <Filter>ParticleGenerator\Generators</Filter>
    </ClInclude>
    <ClInclude Include="RenderItems\firework.h">
      <Filter>RenderItems</Filter>
    </ClInclude>
    <ClInclude Include="FireworkGenerator.h">
      <Filter>ParticleGenerator\Generators</Filter>
    </ClInclude>
    <ClInclude Include="CircleGenerator.h">
      <Filter>ParticleGenerator\Generators</Filter>
    </ClInclude>
  </ItemGroup>
  <ItemGroup>
    <Filter Include="Render">
      <UniqueIdentifier>{d04b4f9f-5a69-465e-8070-25c6d0bcd3c2}</UniqueIdentifier>
    </Filter>
    <Filter Include="RenderItems">
      <UniqueIdentifier>{fdaaaf4c-0e5d-4d68-9f05-50b435cd573d}</UniqueIdentifier>
    </Filter>
    <Filter Include="Objects">
      <UniqueIdentifier>{da17ab03-142c-4941-a693-4cda0c7dfa8f}</UniqueIdentifier>
    </Filter>
    <Filter Include="ParticleGenerator">
      <UniqueIdentifier>{71a37689-7957-4ff6-92e9-96fbdbd42252}</UniqueIdentifier>
    </Filter>
    <Filter Include="ParticleGenerator\Generators">
      <UniqueIdentifier>{7aaf7503-11e7-4e8d-b8ac-0618d3838bb1}</UniqueIdentifier>
    </Filter>
  </ItemGroup>
</Project>